
Microsoft Visual Studio Solution File, Format Version 12.00
# Visual Studio Version 17
VisualStudioVersion = 17.0.31903.59
MinimumVisualStudioVersion = 10.0.40219.1
Project("{FAE04EC0-301F-11D3-BF4B-00C04F79EFBC}") = "PlayerManager3", "PlayerManager3\PlayerManager3.csproj", "{9B48085A-D11F-42A6-8803-3F2075B1DF37}"
EndProject
Project("{FAE04EC0-301F-11D3-BF4B-00C04F79EFBC}") = "PlayerManager4", "PlayerManager4\PlayerManager4.csproj", "{C2CCDCC6-0B74-438D-87E5-AA0EE39136ED}"
EndProject
Project("{FAE04EC0-301F-11D3-BF4B-00C04F79EFBC}") = "StringCollections", "StringCollections\StringCollections.csproj", "{D6101A03-59ED-4632-9807-7049C8E03E7B}"
EndProject
Project("{FAE04EC0-301F-11D3-BF4B-00C04F79EFBC}") = "SamePlayer", "SamePlayer\SamePlayer.csproj", "{37A735E7-5FDE-4CA1-AA1D-23938D7834A4}"
EndProject
Global
	GlobalSection(SolutionConfigurationPlatforms) = preSolution
		Debug|Any CPU = Debug|Any CPU
		Release|Any CPU = Release|Any CPU
	EndGlobalSection
	GlobalSection(SolutionProperties) = preSolution
		HideSolutionNode = FALSE
	EndGlobalSection
	GlobalSection(ProjectConfigurationPlatforms) = postSolution
		{9B48085A-D11F-42A6-8803-3F2075B1DF37}.Debug|Any CPU.ActiveCfg = Debug|Any CPU
		{9B48085A-D11F-42A6-8803-3F2075B1DF37}.Debug|Any CPU.Build.0 = Debug|Any CPU
		{9B48085A-D11F-42A6-8803-3F2075B1DF37}.Release|Any CPU.ActiveCfg = Release|Any CPU
		{9B48085A-D11F-42A6-8803-3F2075B1DF37}.Release|Any CPU.Build.0 = Release|Any CPU
		{C2CCDCC6-0B74-438D-87E5-AA0EE39136ED}.Debug|Any CPU.ActiveCfg = Debug|Any CPU
		{C2CCDCC6-0B74-438D-87E5-AA0EE39136ED}.Debug|Any CPU.Build.0 = Debug|Any CPU
		{C2CCDCC6-0B74-438D-87E5-AA0EE39136ED}.Release|Any CPU.ActiveCfg = Release|Any CPU
		{C2CCDCC6-0B74-438D-87E5-AA0EE39136ED}.Release|Any CPU.Build.0 = Release|Any CPU
		{D6101A03-59ED-4632-9807-7049C8E03E7B}.Debug|Any CPU.ActiveCfg = Debug|Any CPU
		{D6101A03-59ED-4632-9807-7049C8E03E7B}.Debug|Any CPU.Build.0 = Debug|Any CPU
		{D6101A03-59ED-4632-9807-7049C8E03E7B}.Release|Any CPU.ActiveCfg = Release|Any CPU
		{D6101A03-59ED-4632-9807-7049C8E03E7B}.Release|Any CPU.Build.0 = Release|Any CPU
		{37A735E7-5FDE-4CA1-AA1D-23938D7834A4}.Debug|Any CPU.ActiveCfg = Debug|Any CPU
		{37A735E7-5FDE-4CA1-AA1D-23938D7834A4}.Debug|Any CPU.Build.0 = Debug|Any CPU
		{37A735E7-5FDE-4CA1-AA1D-23938D7834A4}.Release|Any CPU.ActiveCfg = Release|Any CPU
		{37A735E7-5FDE-4CA1-AA1D-23938D7834A4}.Release|Any CPU.Build.0 = Release|Any CPU
	EndGlobalSection
EndGlobal
